{
  "name": "mspr-i1-eisi-bloc-3-g2-elections",
  "lockfileVersion": 3,
  "requires": true,
  "packages": {
    "": {
      "dependencies": {
        "csv-parser": "^3.0.0",
        "dbf-reader": "^1.0.3",
        "node-dbf": "^0.4.0"
      }
    },
    "node_modules/commander": {
      "version": "2.20.3",
      "resolved": "https://registry.npmjs.org/commander/-/commander-2.20.3.tgz",
      "integrity": "sha512-GpVkmM8vF2vQUkj2LvZmD35JxeJOLCwJ9cUkugyk2nuhbv3+mJvpLYYt+0+USMxE+oj+ey/lJEnhZw75x/OMcQ=="
    },
    "node_modules/csv-parser": {
      "version": "3.0.0",
      "resolved": "https://registry.npmjs.org/csv-parser/-/csv-parser-3.0.0.tgz",
      "integrity": "sha512-s6OYSXAK3IdKqYO33y09jhypG/bSDHPuyCme/IdEHfWpLf/jKcpitVFyOC6UemgGk8v7Q5u2XE0vvwmanxhGlQ==",
      "dependencies": {
        "minimist": "^1.2.0"
      },
      "bin": {
        "csv-parser": "bin/csv-parser"
      },
      "engines": {
        "node": ">= 10"
      }
    },
    "node_modules/dbf-reader": {
      "version": "1.0.3",
      "resolved": "https://registry.npmjs.org/dbf-reader/-/dbf-reader-1.0.3.tgz",
      "integrity": "sha512-84gjZ/ijJ1pAmGXgBCWu457dpdGn/skCNoHZbx+ReW1debxQmMIjvltK1Z58g2OKe2Pf6PxLVMM9Ci/atq/yVw=="
    },
    "node_modules/minimist": {
      "version": "1.2.8",
      "resolved": "https://registry.npmjs.org/minimist/-/minimist-1.2.8.tgz",
      "integrity": "sha512-2yyAR8qBkN3YuheJanUpWC5U3bb5osDywNB8RzDVlDwDHbocAJveqqj1u8+SVD7jkWT4yvsHCpWqqWqAxb0zCA==",
      "funding": {
        "url": "https://github.com/sponsors/ljharb"
      }
    },
    "node_modules/node-dbf": {
      "version": "0.4.0",
      "resolved": "https://registry.npmjs.org/node-dbf/-/node-dbf-0.4.0.tgz",
      "integrity": "sha512-i8cn3Gy+pmNjV9G6uH/ZSqzXqToR7Zy3N+7VxnvT6d7umlN7ybn7T1fGd1q/icWo4HKR6inNKqN9hII5wzECdA==",
      "dependencies": {
        "commander": "^2.9.0"
      },
      "bin": {
        "node-dbf": "bin/node-dbf.js"
      },
      "engines": {
        "node": ">=7"
      }
    }
  }
}
